
Microsoft Visual Studio Solution File, Format Version 12.00
# Visual Studio Version 17
VisualStudioVersion = 17.3.32825.248
MinimumVisualStudioVersion = 10.0.40219.1
Project("{FAE04EC0-301F-11D3-BF4B-00C04F79EFBC}") = "reliability_2", "reliability_2\reliability_2.csproj", "{3CDCDEEA-541B-45B5-A0EE-4745739BDCE3}"
EndProject
Global
	GlobalSection(SolutionConfigurationPlatforms) = preSolution
		Debug|Any CPU = Debug|Any CPU
		Release|Any CPU = Release|Any CPU
	EndGlobalSection
	GlobalSection(ProjectConfigurationPlatforms) = postSolution
		{3CDCDEEA-541B-45B5-A0EE-4745739BDCE3}.Debug|Any CPU.ActiveCfg = Debug|Any CPU
		{3CDCDEEA-541B-45B5-A0EE-4745739BDCE3}.Debug|Any CPU.Build.0 = Debug|Any CPU
		{3CDCDEEA-541B-45B5-A0EE-4745739BDCE3}.Release|Any CPU.ActiveCfg = Release|Any CPU
		{3CDCDEEA-541B-45B5-A0EE-4745739BDCE3}.Release|Any CPU.Build.0 = Release|Any CPU
	EndGlobalSection
	GlobalSection(SolutionProperties) = preSolution
		HideSolutionNode = FALSE
	EndGlobalSection
	GlobalSection(ExtensibilityGlobals) = postSolution
		SolutionGuid = {BC9EF48A-E68D-423F-8179-4660A1B9AB51}
	EndGlobalSection
EndGlobal
