
Microsoft Visual Studio Solution File, Format Version 12.00
# Visual Studio Version 17
VisualStudioVersion = 17.3.32825.248
MinimumVisualStudioVersion = 10.0.40219.1
Project("{FAE04EC0-301F-11D3-BF4B-00C04F79EFBC}") = "Practika_2", "Practika_2\Practika_2.csproj", "{EB291B33-BB0A-4EF5-9473-95C51E58E841}"
EndProject
Global
	GlobalSection(SolutionConfigurationPlatforms) = preSolution
		Debug|Any CPU = Debug|Any CPU
		Release|Any CPU = Release|Any CPU
	EndGlobalSection
	GlobalSection(ProjectConfigurationPlatforms) = postSolution
		{EB291B33-BB0A-4EF5-9473-95C51E58E841}.Debug|Any CPU.ActiveCfg = Debug|Any CPU
		{EB291B33-BB0A-4EF5-9473-95C51E58E841}.Debug|Any CPU.Build.0 = Debug|Any CPU
		{EB291B33-BB0A-4EF5-9473-95C51E58E841}.Release|Any CPU.ActiveCfg = Release|Any CPU
		{EB291B33-BB0A-4EF5-9473-95C51E58E841}.Release|Any CPU.Build.0 = Release|Any CPU
	EndGlobalSection
	GlobalSection(SolutionProperties) = preSolution
		HideSolutionNode = FALSE
	EndGlobalSection
	GlobalSection(ExtensibilityGlobals) = postSolution
		SolutionGuid = {F00DBC34-79D9-44A8-B93D-502917321E3D}
	EndGlobalSection
EndGlobal
