
Microsoft Visual Studio Solution File, Format Version 12.00
# Visual Studio Version 17
VisualStudioVersion = 17.3.32825.248
MinimumVisualStudioVersion = 10.0.40219.1
Project("{FAE04EC0-301F-11D3-BF4B-00C04F79EFBC}") = "Lab_3Dz", "Lab_3Dz\Lab_3Dz.csproj", "{EEC171C8-2F44-4951-AD76-A03F7223241F}"
EndProject
Global
	GlobalSection(SolutionConfigurationPlatforms) = preSolution
		Debug|Any CPU = Debug|Any CPU
		Release|Any CPU = Release|Any CPU
	EndGlobalSection
	GlobalSection(ProjectConfigurationPlatforms) = postSolution
		{EEC171C8-2F44-4951-AD76-A03F7223241F}.Debug|Any CPU.ActiveCfg = Debug|Any CPU
		{EEC171C8-2F44-4951-AD76-A03F7223241F}.Debug|Any CPU.Build.0 = Debug|Any CPU
		{EEC171C8-2F44-4951-AD76-A03F7223241F}.Release|Any CPU.ActiveCfg = Release|Any CPU
		{EEC171C8-2F44-4951-AD76-A03F7223241F}.Release|Any CPU.Build.0 = Release|Any CPU
	EndGlobalSection
	GlobalSection(SolutionProperties) = preSolution
		HideSolutionNode = FALSE
	EndGlobalSection
	GlobalSection(ExtensibilityGlobals) = postSolution
		SolutionGuid = {2BE30311-6FC6-47FC-AE34-A430C6825FCD}
	EndGlobalSection
EndGlobal
